
Microsoft Visual Studio Solution File, Format Version 12.00
# Visual Studio 15
VisualStudioVersion = 15.0.26730.12
MinimumVisualStudioVersion = 10.0.40219.1
Project("{FAE04EC0-301F-11D3-BF4B-00C04F79EFBC}") = "expert", "expert\expert.csproj", "{4FCAA512-DC29-4580-9BFD-B5DB0C1F915A}"
EndProject
Global
	GlobalSection(SolutionConfigurationPlatforms) = preSolution
		Debug|Any CPU = Debug|Any CPU
		Release|Any CPU = Release|Any CPU
	EndGlobalSection
	GlobalSection(ProjectConfigurationPlatforms) = postSolution
		{4FCAA512-DC29-4580-9BFD-B5DB0C1F915A}.Debug|Any CPU.ActiveCfg = Debug|Any CPU
		{4FCAA512-DC29-4580-9BFD-B5DB0C1F915A}.Debug|Any CPU.Build.0 = Debug|Any CPU
		{4FCAA512-DC29-4580-9BFD-B5DB0C1F915A}.Release|Any CPU.ActiveCfg = Release|Any CPU
		{4FCAA512-DC29-4580-9BFD-B5DB0C1F915A}.Release|Any CPU.Build.0 = Release|Any CPU
	EndGlobalSection
	GlobalSection(SolutionProperties) = preSolution
		HideSolutionNode = FALSE
	EndGlobalSection
	GlobalSection(ExtensibilityGlobals) = postSolution
		SolutionGuid = {8B766E7B-E11B-4587-A708-82A373196175}
	EndGlobalSection
EndGlobal
